
Microsoft Visual Studio Solution File, Format Version 12.00
# Visual Studio Version 17
VisualStudioVersion = 17.8.34330.188
MinimumVisualStudioVersion = 10.0.40219.1
Project("{FAE04EC0-301F-11D3-BF4B-00C04F79EFBC}") = "Cugeno", "Cugeno\Cugeno.csproj", "{43C182CB-07FD-433D-839C-703819DDFB01}"
EndProject
Global
	GlobalSection(SolutionConfigurationPlatforms) = preSolution
		Debug|Any CPU = Debug|Any CPU
		Release|Any CPU = Release|Any CPU
	EndGlobalSection
	GlobalSection(ProjectConfigurationPlatforms) = postSolution
		{43C182CB-07FD-433D-839C-703819DDFB01}.Debug|Any CPU.ActiveCfg = Debug|Any CPU
		{43C182CB-07FD-433D-839C-703819DDFB01}.Debug|Any CPU.Build.0 = Debug|Any CPU
		{43C182CB-07FD-433D-839C-703819DDFB01}.Release|Any CPU.ActiveCfg = Release|Any CPU
		{43C182CB-07FD-433D-839C-703819DDFB01}.Release|Any CPU.Build.0 = Release|Any CPU
	EndGlobalSection
	GlobalSection(SolutionProperties) = preSolution
		HideSolutionNode = FALSE
	EndGlobalSection
	GlobalSection(ExtensibilityGlobals) = postSolution
		SolutionGuid = {47387D0C-7E46-457C-BBDF-782DBA79566B}
	EndGlobalSection
EndGlobal
